
Microsoft Visual Studio Solution File, Format Version 12.00
# Visual Studio Version 17
VisualStudioVersion = 17.7.34031.279
MinimumVisualStudioVersion = 10.0.40219.1
Project("{FAE04EC0-301F-11D3-BF4B-00C04F79EFBC}") = "Pregunta2", "Pregunta2.csproj", "{AD295B42-D959-4FB0-BEF3-ABD8ED350295}"
EndProject
Global
	GlobalSection(SolutionConfigurationPlatforms) = preSolution
		Debug|Any CPU = Debug|Any CPU
		Release|Any CPU = Release|Any CPU
	EndGlobalSection
	GlobalSection(ProjectConfigurationPlatforms) = postSolution
		{AD295B42-D959-4FB0-BEF3-ABD8ED350295}.Debug|Any CPU.ActiveCfg = Debug|Any CPU
		{AD295B42-D959-4FB0-BEF3-ABD8ED350295}.Debug|Any CPU.Build.0 = Debug|Any CPU
		{AD295B42-D959-4FB0-BEF3-ABD8ED350295}.Release|Any CPU.ActiveCfg = Release|Any CPU
		{AD295B42-D959-4FB0-BEF3-ABD8ED350295}.Release|Any CPU.Build.0 = Release|Any CPU
	EndGlobalSection
	GlobalSection(SolutionProperties) = preSolution
		HideSolutionNode = FALSE
	EndGlobalSection
	GlobalSection(ExtensibilityGlobals) = postSolution
		SolutionGuid = {641A4412-ABFF-4A18-B5D3-91399F2CD609}
	EndGlobalSection
EndGlobal
